
Microsoft Visual Studio Solution File, Format Version 12.00
# Visual Studio 2015
Project("{FAE04EC0-301F-11D3-BF4B-00C04F79EFBC}") = "HackRU 2016.CSharp.Plugins", "HackRU 2016.CSharp.Plugins.csproj", "{99440FFE-C02E-1889-0278-6A0289C0EF4D}"
EndProject
Project("{FAE04EC0-301F-11D3-BF4B-00C04F79EFBC}") = "HackRU 2016.CSharp", "HackRU 2016.CSharp.csproj", "{41EE5A88-ED0E-DCF3-6ED4-A3ABB0C40394}"
EndProject
Project("{FAE04EC0-301F-11D3-BF4B-00C04F79EFBC}") = "HackRU 2016.CSharp.Editor", "HackRU 2016.CSharp.Editor.csproj", "{F4879630-EAE3-D2AB-142A-7761BADF4B8A}"
EndProject
Global
	GlobalSection(SolutionConfigurationPlatforms) = preSolution
		Debug|Any CPU = Debug|Any CPU
		Release|Any CPU = Release|Any CPU
	EndGlobalSection
	GlobalSection(ProjectConfigurationPlatforms) = postSolution
		{99440FFE-C02E-1889-0278-6A0289C0EF4D}.Debug|Any CPU.ActiveCfg = Debug|Any CPU
		{99440FFE-C02E-1889-0278-6A0289C0EF4D}.Debug|Any CPU.Build.0 = Debug|Any CPU
		{99440FFE-C02E-1889-0278-6A0289C0EF4D}.Release|Any CPU.ActiveCfg = Release|Any CPU
		{99440FFE-C02E-1889-0278-6A0289C0EF4D}.Release|Any CPU.Build.0 = Release|Any CPU
		{41EE5A88-ED0E-DCF3-6ED4-A3ABB0C40394}.Debug|Any CPU.ActiveCfg = Debug|Any CPU
		{41EE5A88-ED0E-DCF3-6ED4-A3ABB0C40394}.Debug|Any CPU.Build.0 = Debug|Any CPU
		{41EE5A88-ED0E-DCF3-6ED4-A3ABB0C40394}.Release|Any CPU.ActiveCfg = Release|Any CPU
		{41EE5A88-ED0E-DCF3-6ED4-A3ABB0C40394}.Release|Any CPU.Build.0 = Release|Any CPU
		{F4879630-EAE3-D2AB-142A-7761BADF4B8A}.Debug|Any CPU.ActiveCfg = Debug|Any CPU
		{F4879630-EAE3-D2AB-142A-7761BADF4B8A}.Debug|Any CPU.Build.0 = Debug|Any CPU
		{F4879630-EAE3-D2AB-142A-7761BADF4B8A}.Release|Any CPU.ActiveCfg = Release|Any CPU
		{F4879630-EAE3-D2AB-142A-7761BADF4B8A}.Release|Any CPU.Build.0 = Release|Any CPU
	EndGlobalSection
	GlobalSection(SolutionProperties) = preSolution
		HideSolutionNode = FALSE
	EndGlobalSection
EndGlobal
